// !$*UTF8*$!
{
	archiveVersion = 1;
	classes = {
	};
	objectVersion = 52;
	objects = {

/* Begin PBXBuildFile section */
		55113C071FC35AC7001E508D /* AppDelegate.swift in Sources */ = {isa = PBXBuildFile; fileRef = 55113C061FC35AC7001E508D /* AppDelegate.swift */; };
		55113C091FC35AC7001E508D /* Assets.xcassets in Resources */ = {isa = PBXBuildFile; fileRef = 55113C081FC35AC7001E508D /* Assets.xcassets */; };
		55113C0C1FC35AC7001E508D /* MainMenu.xib in Resources */ = {isa = PBXBuildFile; fileRef = 55113C0A1FC35AC7001E508D /* MainMenu.xib */; };
		55113C141FC49139001E508D /* AnalyzerFlowViewController.swift in Sources */ = {isa = PBXBuildFile; fileRef = 55113C121FC49138001E508D /* AnalyzerFlowViewController.swift */; };
		55113C151FC49139001E508D /* AnalyzerFlowViewController.xib in Resources */ = {isa = PBXBuildFile; fileRef = 55113C131FC49138001E508D /* AnalyzerFlowViewController.xib */; };
		55113C1C1FC49173001E508D /* RawTokenAnalyzerViewController.swift in Sources */ = {isa = PBXBuildFile; fileRef = 55113C1A1FC49173001E508D /* RawTokenAnalyzerViewController.swift */; };
		55113C1D1FC49173001E508D /* RawTokenAnalyzerViewController.xib in Resources */ = {isa = PBXBuildFile; fileRef = 55113C1B1FC49173001E508D /* RawTokenAnalyzerViewController.xib */; };
		55113C201FC49181001E508D /* ResolvedTokenAnalyzerViewController.swift in Sources */ = {isa = PBXBuildFile; fileRef = 55113C1E1FC49181001E508D /* ResolvedTokenAnalyzerViewController.swift */; };
		55113C211FC49181001E508D /* ResolvedTokenAnalyzerViewController.xib in Resources */ = {isa = PBXBuildFile; fileRef = 55113C1F1FC49181001E508D /* ResolvedTokenAnalyzerViewController.xib */; };
		55113C241FC4918C001E508D /* GroupedTokenAnalyzerViewController.swift in Sources */ = {isa = PBXBuildFile; fileRef = 55113C221FC4918C001E508D /* GroupedTokenAnalyzerViewController.swift */; };
		55113C251FC4918C001E508D /* GroupedTokenAnalyzerViewController.xib in Resources */ = {isa = PBXBuildFile; fileRef = 55113C231FC4918C001E508D /* GroupedTokenAnalyzerViewController.xib */; };
		55113C281FC49197001E508D /* ExpressionAnalyzerViewController.swift in Sources */ = {isa = PBXBuildFile; fileRef = 55113C261FC49197001E508D /* ExpressionAnalyzerViewController.swift */; };
		55113C291FC49197001E508D /* ExpressionAnalyzerViewController.xib in Resources */ = {isa = PBXBuildFile; fileRef = 55113C271FC49197001E508D /* ExpressionAnalyzerViewController.xib */; };
		55113C2D1FC491BA001E508D /* DemoViewController.swift in Sources */ = {isa = PBXBuildFile; fileRef = 55113C2B1FC491BA001E508D /* DemoViewController.swift */; };
		55113C2E1FC491BA001E508D /* DemoViewController.xib in Resources */ = {isa = PBXBuildFile; fileRef = 55113C2C1FC491BA001E508D /* DemoViewController.xib */; };
		55113C321FC495D2001E508D /* AnalyzerViewController.swift in Sources */ = {isa = PBXBuildFile; fileRef = 55113C311FC495D2001E508D /* AnalyzerViewController.swift */; };
		55ABCBCE22FB4ECF00DEB1BD /* MathParser in Frameworks */ = {isa = PBXBuildFile; productRef = 55ABCBCD22FB4ECF00DEB1BD /* MathParser */; };
		55BC91BA1FE2FEBF008816C2 /* VariableAnalyzerViewController.swift in Sources */ = {isa = PBXBuildFile; fileRef = 55BC91B81FE2FEBF008816C2 /* VariableAnalyzerViewController.swift */; };
		55BC91BB1FE2FEBF008816C2 /* VariableAnalyzerViewController.xib in Resources */ = {isa = PBXBuildFile; fileRef = 55BC91B91FE2FEBF008816C2 /* VariableAnalyzerViewController.xib */; };
/* End PBXBuildFile section */

/* Begin PBXCopyFilesBuildPhase section */
		55113C371FC499E3001E508D /* Embed Frameworks */ = {
			isa = PBXCopyFilesBuildPhase;
			buildActionMask = 2147483647;
			dstPath = "";
			dstSubfolderSpec = 10;
			files = (
			);
			name = "Embed Frameworks";
			runOnlyForDeploymentPostprocessing = 0;
		};
/* End PBXCopyFilesBuildPhase section */

/* Begin PBXFileReference section */
		08FB779EFE84155DC02AAC07 /* Foundation.framework */ = {isa = PBXFileReference; lastKnownFileType = wrapper.framework; name = Foundation.framework; path = /System/Library/Frameworks/Foundation.framework; sourceTree = "<absolute>"; };
		3D80DDD019BA9163008C2E6C /* XCTest.framework */ = {isa = PBXFileReference; lastKnownFileType = wrapper.framework; name = XCTest.framework; path = Library/Frameworks/XCTest.framework; sourceTree = DEVELOPER_DIR; };
		55113C041FC35AC7001E508D /* Demo.app */ = {isa = PBXFileReference; explicitFileType = wrapper.application; includeInIndex = 0; path = Demo.app; sourceTree = BUILT_PRODUCTS_DIR; };
		55113C061FC35AC7001E508D /* AppDelegate.swift */ = {isa = PBXFileReference; lastKnownFileType = sourcecode.swift; path = AppDelegate.swift; sourceTree = "<group>"; };
		55113C081FC35AC7001E508D /* Assets.xcassets */ = {isa = PBXFileReference; lastKnownFileType = folder.assetcatalog; path = Assets.xcassets; sourceTree = "<group>"; };
		55113C0B1FC35AC7001E508D /* Base */ = {isa = PBXFileReference; lastKnownFileType = file.xib; name = Base; path = Base.lproj/MainMenu.xib; sourceTree = "<group>"; };
		55113C0D1FC35AC7001E508D /* Info.plist */ = {isa = PBXFileReference; lastKnownFileType = text.plist.xml; path = Info.plist; sourceTree = "<group>"; };
		55113C0E1FC35AC7001E508D /* Demo.entitlements */ = {isa = PBXFileReference; lastKnownFileType = text.plist.entitlements; path = Demo.entitlements; sourceTree = "<group>"; };
		55113C121FC49138001E508D /* AnalyzerFlowViewController.swift */ = {isa = PBXFileReference; lastKnownFileType = sourcecode.swift; path = AnalyzerFlowViewController.swift; sourceTree = "<group>"; };
		55113C131FC49138001E508D /* AnalyzerFlowViewController.xib */ = {isa = PBXFileReference; lastKnownFileType = file.xib; path = AnalyzerFlowViewController.xib; sourceTree = "<group>"; };
		55113C1A1FC49173001E508D /* RawTokenAnalyzerViewController.swift */ = {isa = PBXFileReference; lastKnownFileType = sourcecode.swift; path = RawTokenAnalyzerViewController.swift; sourceTree = "<group>"; };
		55113C1B1FC49173001E508D /* RawTokenAnalyzerViewController.xib */ = {isa = PBXFileReference; lastKnownFileType = file.xib; path = RawTokenAnalyzerViewController.xib; sourceTree = "<group>"; };
		55113C1E1FC49181001E508D /* ResolvedTokenAnalyzerViewController.swift */ = {isa = PBXFileReference; lastKnownFileType = sourcecode.swift; path = ResolvedTokenAnalyzerViewController.swift; sourceTree = "<group>"; };
		55113C1F1FC49181001E508D /* ResolvedTokenAnalyzerViewController.xib */ = {isa = PBXFileReference; lastKnownFileType = file.xib; path = ResolvedTokenAnalyzerViewController.xib; sourceTree = "<group>"; };
		55113C221FC4918C001E508D /* GroupedTokenAnalyzerViewController.swift */ = {isa = PBXFileReference; lastKnownFileType = sourcecode.swift; path = GroupedTokenAnalyzerViewController.swift; sourceTree = "<group>"; };
		55113C231FC4918C001E508D /* GroupedTokenAnalyzerViewController.xib */ = {isa = PBXFileReference; lastKnownFileType = file.xib; path = GroupedTokenAnalyzerViewController.xib; sourceTree = "<group>"; };
		55113C261FC49197001E508D /* ExpressionAnalyzerViewController.swift */ = {isa = PBXFileReference; lastKnownFileType = sourcecode.swift; path = ExpressionAnalyzerViewController.swift; sourceTree = "<group>"; };
		55113C271FC49197001E508D /* ExpressionAnalyzerViewController.xib */ = {isa = PBXFileReference; lastKnownFileType = file.xib; path = ExpressionAnalyzerViewController.xib; sourceTree = "<group>"; };
		55113C2B1FC491BA001E508D /* DemoViewController.swift */ = {isa = PBXFileReference; lastKnownFileType = sourcecode.swift; path = DemoViewController.swift; sourceTree = "<group>"; };
		55113C2C1FC491BA001E508D /* DemoViewController.xib */ = {isa = PBXFileReference; lastKnownFileType = file.xib; path = DemoViewController.xib; sourceTree = "<group>"; };
		55113C311FC495D2001E508D /* AnalyzerViewController.swift */ = {isa = PBXFileReference; lastKnownFileType = sourcecode.swift; path = AnalyzerViewController.swift; sourceTree = "<group>"; };
		55ABCBC922FB4E2E00DEB1BD /* MathParser */ = {isa = PBXFileReference; lastKnownFileType = folder; path = MathParser; sourceTree = "<group>"; };
		55BC91B81FE2FEBF008816C2 /* VariableAnalyzerViewController.swift */ = {isa = PBXFileReference; lastKnownFileType = sourcecode.swift; path = VariableAnalyzerViewController.swift; sourceTree = "<group>"; };
		55BC91B91FE2FEBF008816C2 /* VariableAnalyzerViewController.xib */ = {isa = PBXFileReference; lastKnownFileType = file.xib; path = VariableAnalyzerViewController.xib; sourceTree = "<group>"; };
/* End PBXFileReference section */

/* Begin PBXFrameworksBuildPhase section */
		55113C011FC35AC7001E508D /* Frameworks */ = {
			isa = PBXFrameworksBuildPhase;
			buildActionMask = 2147483647;
			files = (
				55ABCBCE22FB4ECF00DEB1BD /* MathParser in Frameworks */,
			);
			runOnlyForDeploymentPostprocessing = 0;
		};
/* End PBXFrameworksBuildPhase section */

/* Begin PBXGroup section */
		08FB7794FE84155DC02AAC07 /* DDMathParser */ = {
			isa = PBXGroup;
			children = (
				55ABCBC922FB4E2E00DEB1BD /* MathParser */,
				55113C051FC35AC7001E508D /* Demo */,
				08FB779DFE84155DC02AAC07 /* External Frameworks and Libraries */,
				1AB674ADFE9D54B511CA2CBB /* Products */,
				55ABCBCC22FB4ECF00DEB1BD /* Frameworks */,
			);
			name = DDMathParser;
			sourceTree = "<group>";
			tabWidth = 4;
			usesTabs = 0;
		};
		08FB779DFE84155DC02AAC07 /* External Frameworks and Libraries */ = {
			isa = PBXGroup;
			children = (
				3D80DDD019BA9163008C2E6C /* XCTest.framework */,
				08FB779EFE84155DC02AAC07 /* Foundation.framework */,
			);
			name = "External Frameworks and Libraries";
			sourceTree = "<group>";
		};
		1AB674ADFE9D54B511CA2CBB /* Products */ = {
			isa = PBXGroup;
			children = (
				55113C041FC35AC7001E508D /* Demo.app */,
			);
			name = Products;
			sourceTree = "<group>";
		};
		55113C051FC35AC7001E508D /* Demo */ = {
			isa = PBXGroup;
			children = (
				55113C061FC35AC7001E508D /* AppDelegate.swift */,
				55113C2B1FC491BA001E508D /* DemoViewController.swift */,
				55113C2C1FC491BA001E508D /* DemoViewController.xib */,
				55113C121FC49138001E508D /* AnalyzerFlowViewController.swift */,
				55113C131FC49138001E508D /* AnalyzerFlowViewController.xib */,
				55113C2A1FC4919D001E508D /* Analyzers */,
				55113C081FC35AC7001E508D /* Assets.xcassets */,
				55113C0A1FC35AC7001E508D /* MainMenu.xib */,
				55113C0D1FC35AC7001E508D /* Info.plist */,
				55113C0E1FC35AC7001E508D /* Demo.entitlements */,
			);
			path = Demo;
			sourceTree = "<group>";
		};
		55113C2A1FC4919D001E508D /* Analyzers */ = {
			isa = PBXGroup;
			children = (
				55113C311FC495D2001E508D /* AnalyzerViewController.swift */,
				55113C1A1FC49173001E508D /* RawTokenAnalyzerViewController.swift */,
				55113C1B1FC49173001E508D /* RawTokenAnalyzerViewController.xib */,
				55113C1E1FC49181001E508D /* ResolvedTokenAnalyzerViewController.swift */,
				55113C1F1FC49181001E508D /* ResolvedTokenAnalyzerViewController.xib */,
				55113C221FC4918C001E508D /* GroupedTokenAnalyzerViewController.swift */,
				55113C231FC4918C001E508D /* GroupedTokenAnalyzerViewController.xib */,
				55113C261FC49197001E508D /* ExpressionAnalyzerViewController.swift */,
				55113C271FC49197001E508D /* ExpressionAnalyzerViewController.xib */,
				55BC91B81FE2FEBF008816C2 /* VariableAnalyzerViewController.swift */,
				55BC91B91FE2FEBF008816C2 /* VariableAnalyzerViewController.xib */,
			);
			name = Analyzers;
			sourceTree = "<group>";
		};
		55ABCBCC22FB4ECF00DEB1BD /* Frameworks */ = {
			isa = PBXGroup;
			children = (
			);
			name = Frameworks;
			sourceTree = "<group>";
		};
/* End PBXGroup section */

/* Begin PBXNativeTarget section */
		55113C031FC35AC7001E508D /* Demo */ = {
			isa = PBXNativeTarget;
			buildConfigurationList = 55113C0F1FC35AC7001E508D /* Build configuration list for PBXNativeTarget "Demo" */;
			buildPhases = (
				55113C001FC35AC7001E508D /* Sources */,
				55113C011FC35AC7001E508D /* Frameworks */,
				55113C021FC35AC7001E508D /* Resources */,
				55113C371FC499E3001E508D /* Embed Frameworks */,
			);
			buildRules = (
			);
			dependencies = (
				55ABCBCB22FB4ECB00DEB1BD /* PBXTargetDependency */,
			);
			name = Demo;
			packageProductDependencies = (
				55ABCBCD22FB4ECF00DEB1BD /* MathParser */,
			);
			productName = Demo;
			productReference = 55113C041FC35AC7001E508D /* Demo.app */;
			productType = "com.apple.product-type.application";
		};
/* End PBXNativeTarget section */

/* Begin PBXProject section */
		08FB7793FE84155DC02AAC07 /* Project object */ = {
			isa = PBXProject;
			attributes = {
				LastSwiftUpdateCheck = 1020;
				LastUpgradeCheck = 1100;
				TargetAttributes = {
					55113C031FC35AC7001E508D = {
						CreatedOnToolsVersion = 9.1;
					};
				};
			};
			buildConfigurationList = 1DEB927808733DD40010E9CD /* Build configuration list for PBXProject "Demo" */;
			compatibilityVersion = "Xcode 10.0";
			developmentRegion = en;
			hasScannedForEncodings = 1;
			knownRegions = (
				Base,
				fr,
				de,
				ja,
				en,
			);
			mainGroup = 08FB7794FE84155DC02AAC07 /* DDMathParser */;
			projectDirPath = "";
			projectRoot = "";
			targets = (
				55113C031FC35AC7001E508D /* Demo */,
			);
		};
/* End PBXProject section */

/* Begin PBXResourcesBuildPhase section */
		55113C021FC35AC7001E508D /* Resources */ = {
			isa = PBXResourcesBuildPhase;
			buildActionMask = 2147483647;
			files = (
				55113C291FC49197001E508D /* ExpressionAnalyzerViewController.xib in Resources */,
				55BC91BB1FE2FEBF008816C2 /* VariableAnalyzerViewController.xib in Resources */,
				55113C151FC49139001E508D /* AnalyzerFlowViewController.xib in Resources */,
				55113C091FC35AC7001E508D /* Assets.xcassets in Resources */,
				55113C1D1FC49173001E508D /* RawTokenAnalyzerViewController.xib in Resources */,
				55113C2E1FC491BA001E508D /* DemoViewController.xib in Resources */,
				55113C251FC4918C001E508D /* GroupedTokenAnalyzerViewController.xib in Resources */,
				55113C211FC49181001E508D /* ResolvedTokenAnalyzerViewController.xib in Resources */,
				55113C0C1FC35AC7001E508D /* MainMenu.xib in Resources */,
			);
			runOnlyForDeploymentPostprocessing = 0;
		};
/* End PBXResourcesBuildPhase section */

/* Begin PBXSourcesBuildPhase section */
		55113C001FC35AC7001E508D /* Sources */ = {
			isa = PBXSourcesBuildPhase;
			buildActionMask = 2147483647;
			files = (
				55113C201FC49181001E508D /* ResolvedTokenAnalyzerViewController.swift in Sources */,
				55113C241FC4918C001E508D /* GroupedTokenAnalyzerViewController.swift in Sources */,
				55113C141FC49139001E508D /* AnalyzerFlowViewController.swift in Sources */,
				55113C1C1FC49173001E508D /* RawTokenAnalyzerViewController.swift in Sources */,
				55113C321FC495D2001E508D /* AnalyzerViewController.swift in Sources */,
				55113C071FC35AC7001E508D /* AppDelegate.swift in Sources */,
				55113C2D1FC491BA001E508D /* DemoViewController.swift in Sources */,
				55BC91BA1FE2FEBF008816C2 /* VariableAnalyzerViewController.swift in Sources */,
				55113C281FC49197001E508D /* ExpressionAnalyzerViewController.swift in Sources */,
			);
			runOnlyForDeploymentPostprocessing = 0;
		};
/* End PBXSourcesBuildPhase section */

/* Begin PBXTargetDependency section */
		55ABCBCB22FB4ECB00DEB1BD /* PBXTargetDependency */ = {
			isa = PBXTargetDependency;
			productRef = 55ABCBCA22FB4ECB00DEB1BD /* MathParser */;
		};
/* End PBXTargetDependency section */

/* Begin PBXVariantGroup section */
		55113C0A1FC35AC7001E508D /* MainMenu.xib */ = {
			isa = PBXVariantGroup;
			children = (
				55113C0B1FC35AC7001E508D /* Base */,
			);
			name = MainMenu.xib;
			sourceTree = "<group>";
		};
/* End PBXVariantGroup section */

/* Begin XCBuildConfiguration section */
		1DEB927908733DD40010E9CD /* Debug */ = {
			isa = XCBuildConfiguration;
			buildSettings = {
				CLANG_ANALYZER_LOCALIZABILITY_NONLOCALIZED = YES;
				CLANG_ENABLE_MODULES = YES;
				CLANG_ENABLE_OBJC_ARC = YES;
				CLANG_WARN_BLOCK_CAPTURE_AUTORELEASING = YES;
				CLANG_WARN_BOOL_CONVERSION = YES;
				CLANG_WARN_COMMA = YES;
				CLANG_WARN_CONSTANT_CONVERSION = YES;
				CLANG_WARN_DEPRECATED_OBJC_IMPLEMENTATIONS = YES;
				CLANG_WARN_DIRECT_OBJC_ISA_USAGE = YES_ERROR;
				CLANG_WARN_EMPTY_BODY = YES;
				CLANG_WARN_ENUM_CONVERSION = YES;
				CLANG_WARN_INFINITE_RECURSION = YES;
				CLANG_WARN_INT_CONVERSION = YES;
				CLANG_WARN_NON_LITERAL_NULL_CONVERSION = YES;
				CLANG_WARN_OBJC_IMPLICIT_RETAIN_SELF = YES;
				CLANG_WARN_OBJC_LITERAL_CONVERSION = YES;
				CLANG_WARN_OBJC_ROOT_CLASS = YES_ERROR;
				CLANG_WARN_RANGE_LOOP_ANALYSIS = YES;
				CLANG_WARN_STRICT_PROTOTYPES = YES;
				CLANG_WARN_SUSPICIOUS_MOVE = YES;
				CLANG_WARN_UNREACHABLE_CODE = YES;
				CLANG_WARN__DUPLICATE_METHOD_MATCH = YES;
				CURRENT_PROJECT_VERSION = 3.0.0;
				ENABLE_STRICT_OBJC_MSGSEND = YES;
				ENABLE_TESTABILITY = YES;
				GCC_C_LANGUAGE_STANDARD = gnu99;
				GCC_NO_COMMON_BLOCKS = YES;
				GCC_OPTIMIZATION_LEVEL = 0;
				GCC_VERSION = "";
				GCC_WARN_64_TO_32_BIT_CONVERSION = YES;
				GCC_WARN_ABOUT_MISSING_FIELD_INITIALIZERS = YES;
				GCC_WARN_ABOUT_MISSING_PROTOTYPES = YES;
				GCC_WARN_ABOUT_RETURN_TYPE = YES_ERROR;
				GCC_WARN_CHECK_SWITCH_STATEMENTS = YES;
				GCC_WARN_INITIALIZER_NOT_FULLY_BRACKETED = YES;
				GCC_WARN_MISSING_PARENTHESES = YES;
				GCC_WARN_SIGN_COMPARE = YES;
				GCC_WARN_UNDECLARED_SELECTOR = YES;
				GCC_WARN_UNINITIALIZED_AUTOS = YES_AGGRESSIVE;
				GCC_WARN_UNUSED_FUNCTION = YES;
				GCC_WARN_UNUSED_VALUE = YES;
				GCC_WARN_UNUSED_VARIABLE = YES;
				IPHONEOS_DEPLOYMENT_TARGET = 8.0;
				MACOSX_DEPLOYMENT_TARGET = 10.9;
				ONLY_ACTIVE_ARCH = YES;
				SDKROOT = macosx;
				SUPPORTED_PLATFORMS = "iphoneos iphonesimulator watchsimulator watchos macosx appletvsimulator appletvos";
				SWIFT_ACTIVE_COMPILATION_CONDITIONS = DEBUG;
				SWIFT_OPTIMIZATION_LEVEL = "-Onone";
				SWIFT_VERSION = 5.0;
				VERSIONING_SYSTEM = "apple-generic";
				WATCHOS_DEPLOYMENT_TARGET = 2.0;
			};
			name = Debug;
		};
		1DEB927A08733DD40010E9CD /* Release */ = {
			isa = XCBuildConfiguration;
			buildSettings = {
				CLANG_ANALYZER_LOCALIZABILITY_NONLOCALIZED = YES;
				CLANG_ENABLE_MODULES = YES;
				CLANG_ENABLE_OBJC_ARC = YES;
				CLANG_WARN_BLOCK_CAPTURE_AUTORELEASING = YES;
				CLANG_WARN_BOOL_CONVERSION = YES;
				CLANG_WARN_COMMA = YES;
				CLANG_WARN_CONSTANT_CONVERSION = YES;
				CLANG_WARN_DEPRECATED_OBJC_IMPLEMENTATIONS = YES;
				CLANG_WARN_DIRECT_OBJC_ISA_USAGE = YES_ERROR;
				CLANG_WARN_EMPTY_BODY = YES;
				CLANG_WARN_ENUM_CONVERSION = YES;
				CLANG_WARN_INFINITE_RECURSION = YES;
				CLANG_WARN_INT_CONVERSION = YES;
				CLANG_WARN_NON_LITERAL_NULL_CONVERSION = YES;
				CLANG_WARN_OBJC_IMPLICIT_RETAIN_SELF = YES;
				CLANG_WARN_OBJC_LITERAL_CONVERSION = YES;
				CLANG_WARN_OBJC_ROOT_CLASS = YES_ERROR;
				CLANG_WARN_RANGE_LOOP_ANALYSIS = YES;
				CLANG_WARN_STRICT_PROTOTYPES = YES;
				CLANG_WARN_SUSPICIOUS_MOVE = YES;
				CLANG_WARN_UNREACHABLE_CODE = YES;
				CLANG_WARN__DUPLICATE_METHOD_MATCH = YES;
				CURRENT_PROJECT_VERSION = 3.0.0;
				ENABLE_NS_ASSERTIONS = NO;
				ENABLE_STRICT_OBJC_MSGSEND = YES;
				GCC_C_LANGUAGE_STANDARD = gnu99;
				GCC_NO_COMMON_BLOCKS = YES;
				GCC_VERSION = "";
				GCC_WARN_64_TO_32_BIT_CONVERSION = YES;
				GCC_WARN_ABOUT_MISSING_FIELD_INITIALIZERS = YES;
				GCC_WARN_ABOUT_MISSING_PROTOTYPES = YES;
				GCC_WARN_ABOUT_RETURN_TYPE = YES_ERROR;
				GCC_WARN_CHECK_SWITCH_STATEMENTS = YES;
				GCC_WARN_INITIALIZER_NOT_FULLY_BRACKETED = YES;
				GCC_WARN_MISSING_PARENTHESES = YES;
				GCC_WARN_SIGN_COMPARE = YES;
				GCC_WARN_UNDECLARED_SELECTOR = YES;
				GCC_WARN_UNINITIALIZED_AUTOS = YES_AGGRESSIVE;
				GCC_WARN_UNUSED_FUNCTION = YES;
				GCC_WARN_UNUSED_VALUE = YES;
				GCC_WARN_UNUSED_VARIABLE = YES;
				IPHONEOS_DEPLOYMENT_TARGET = 8.0;
				MACOSX_DEPLOYMENT_TARGET = 10.9;
				SDKROOT = macosx;
				SUPPORTED_PLATFORMS = "iphoneos iphonesimulator watchsimulator watchos macosx appletvsimulator appletvos";
				SWIFT_COMPILATION_MODE = wholemodule;
				SWIFT_VERSION = 5.0;
				VERSIONING_SYSTEM = "apple-generic";
				WATCHOS_DEPLOYMENT_TARGET = 2.0;
			};
			name = Release;
		};
		55113C101FC35AC7001E508D /* Debug */ = {
			isa = XCBuildConfiguration;
			buildSettings = {
				ALWAYS_SEARCH_USER_PATHS = NO;
				ASSETCATALOG_COMPILER_APPICON_NAME = AppIcon;
				CLANG_ANALYZER_NONNULL = YES;
				CLANG_ANALYZER_NUMBER_OBJECT_CONVERSION = YES_AGGRESSIVE;
				CLANG_CXX_LANGUAGE_STANDARD = "gnu++14";
				CLANG_CXX_LIBRARY = "libc++";
				CLANG_WARN_DOCUMENTATION_COMMENTS = YES;
				CLANG_WARN_UNGUARDED_AVAILABILITY = YES_AGGRESSIVE;
				CODE_SIGN_ENTITLEMENTS = Demo/Demo.entitlements;
				CODE_SIGN_IDENTITY = "Apple Development";
				CODE_SIGN_STYLE = Automatic;
				COMBINE_HIDPI_IMAGES = YES;
				COPY_PHASE_STRIP = NO;
				DEBUG_INFORMATION_FORMAT = dwarf;
				DEVELOPMENT_TEAM = 654LUM7646;
				ENABLE_HARDENED_RUNTIME = YES;
				GCC_C_LANGUAGE_STANDARD = gnu11;
				GCC_DYNAMIC_NO_PIC = NO;
				GCC_PREPROCESSOR_DEFINITIONS = (
					"DEBUG=1",
					"$(inherited)",
				);
				INFOPLIST_FILE = Demo/Info.plist;
				LD_RUNPATH_SEARCH_PATHS = (
					"$(inherited)",
					"@executable_path/../Frameworks",
				);
				MACOSX_DEPLOYMENT_TARGET = 10.13;
				MTL_ENABLE_DEBUG_INFO = YES;
				PRODUCT_BUNDLE_IDENTIFIER = com.davedelong.MathParser.Demo;
				PRODUCT_NAME = "$(TARGET_NAME)";
				PROVISIONING_PROFILE_SPECIFIER = "";
			};
			name = Debug;
		};
		55113C111FC35AC7001E508D /* Release */ = {
			isa = XCBuildConfiguration;
			buildSettings = {
				ALWAYS_SEARCH_USER_PATHS = NO;
				ASSETCATALOG_COMPILER_APPICON_NAME = AppIcon;
				CLANG_ANALYZER_NONNULL = YES;
				CLANG_ANALYZER_NUMBER_OBJECT_CONVERSION = YES_AGGRESSIVE;
				CLANG_CXX_LANGUAGE_STANDARD = "gnu++14";
				CLANG_CXX_LIBRARY = "libc++";
				CLANG_WARN_DOCUMENTATION_COMMENTS = YES;
				CLANG_WARN_UNGUARDED_AVAILABILITY = YES_AGGRESSIVE;
				CODE_SIGN_ENTITLEMENTS = Demo/Demo.entitlements;
				CODE_SIGN_IDENTITY = "Apple Development";
				CODE_SIGN_STYLE = Automatic;
				COMBINE_HIDPI_IMAGES = YES;
				COPY_PHASE_STRIP = NO;
				DEBUG_INFORMATION_FORMAT = "dwarf-with-dsym";
				DEVELOPMENT_TEAM = 654LUM7646;
				ENABLE_HARDENED_RUNTIME = YES;
				GCC_C_LANGUAGE_STANDARD = gnu11;
				INFOPLIST_FILE = Demo/Info.plist;
				LD_RUNPATH_SEARCH_PATHS = (
					"$(inherited)",
					"@executable_path/../Frameworks",
				);
				MACOSX_DEPLOYMENT_TARGET = 10.13;
				MTL_ENABLE_DEBUG_INFO = NO;
				PRODUCT_BUNDLE_IDENTIFIER = com.davedelong.MathParser.Demo;
				PRODUCT_NAME = "$(TARGET_NAME)";
				PROVISIONING_PROFILE_SPECIFIER = "";
			};
			name = Release;
		};
/* End XCBuildConfiguration section */

/* Begin XCConfigurationList section */
		1DEB927808733DD40010E9CD /* Build configuration list for PBXProject "Demo" */ = {
			isa = XCConfigurationList;
			buildConfigurations = (
				1DEB927908733DD40010E9CD /* Debug */,
				1DEB927A08733DD40010E9CD /* Release */,
			);
			defaultConfigurationIsVisible = 0;
			defaultConfigurationName = Release;
		};
		55113C0F1FC35AC7001E508D /* Build configuration list for PBXNativeTarget "Demo" */ = {
			isa = XCConfigurationList;
			buildConfigurations = (
				55113C101FC35AC7001E508D /* Debug */,
				55113C111FC35AC7001E508D /* Release */,
			);
			defaultConfigurationIsVisible = 0;
			defaultConfigurationName = Release;
		};
/* End XCConfigurationList section */

/* Begin XCSwiftPackageProductDependency section */
		55ABCBCA22FB4ECB00DEB1BD /* MathParser */ = {
			isa = XCSwiftPackageProductDependency;
			productName = MathParser;
		};
		55ABCBCD22FB4ECF00DEB1BD /* MathParser */ = {
			isa = XCSwiftPackageProductDependency;
			productName = MathParser;
		};
/* End XCSwiftPackageProductDependency section */
	};
	rootObject = 08FB7793FE84155DC02AAC07 /* Project object */;
}
