// !$*UTF8*$!
{
	archiveVersion = 1;
	classes = {
	};
	objectVersion = 46;
	objects = {

/* Begin PBXBuildFile section */
		118ADCE113F69A60002C3CDA /* _DDParserTerm.m in Sources */ = {isa = PBXBuildFile; fileRef = 557067B713CC0D19004CB1B2 /* _DDParserTerm.m */; };
		118ADCE213F69A60002C3CDA /* _DDGroupTerm.m in Sources */ = {isa = PBXBuildFile; fileRef = 556C293613CD4276005203F1 /* _DDGroupTerm.m */; };
		118ADCE313F69A60002C3CDA /* _DDFunctionTerm.m in Sources */ = {isa = PBXBuildFile; fileRef = 556C293913CD42A8005203F1 /* _DDFunctionTerm.m */; };
		118ADCE413F69A60002C3CDA /* _DDNumberTerm.m in Sources */ = {isa = PBXBuildFile; fileRef = 556C293C13CD42F4005203F1 /* _DDNumberTerm.m */; };
		118ADCE513F69A60002C3CDA /* _DDVariableTerm.m in Sources */ = {isa = PBXBuildFile; fileRef = 556C293F13CD42FE005203F1 /* _DDVariableTerm.m */; };
		118ADCE613F69A60002C3CDA /* _DDOperatorTerm.m in Sources */ = {isa = PBXBuildFile; fileRef = 551EA4B713CD657400302C67 /* _DDOperatorTerm.m */; };
		118ADCE813F69A69002C3CDA /* _DDParserTerm.m in Sources */ = {isa = PBXBuildFile; fileRef = 557067B713CC0D19004CB1B2 /* _DDParserTerm.m */; };
		118ADCE913F69A69002C3CDA /* _DDGroupTerm.m in Sources */ = {isa = PBXBuildFile; fileRef = 556C293613CD4276005203F1 /* _DDGroupTerm.m */; };
		118ADCEA13F69A69002C3CDA /* _DDFunctionTerm.m in Sources */ = {isa = PBXBuildFile; fileRef = 556C293913CD42A8005203F1 /* _DDFunctionTerm.m */; };
		118ADCEB13F69A69002C3CDA /* _DDNumberTerm.m in Sources */ = {isa = PBXBuildFile; fileRef = 556C293C13CD42F4005203F1 /* _DDNumberTerm.m */; };
		118ADCEC13F69A69002C3CDA /* _DDVariableTerm.m in Sources */ = {isa = PBXBuildFile; fileRef = 556C293F13CD42FE005203F1 /* _DDVariableTerm.m */; };
		118ADCED13F69A69002C3CDA /* _DDOperatorTerm.m in Sources */ = {isa = PBXBuildFile; fileRef = 551EA4B713CD657400302C67 /* _DDOperatorTerm.m */; };
		550C416813BA8BCA00A041BC /* DDMathStringTokenizer.m in Sources */ = {isa = PBXBuildFile; fileRef = 550C416713BA8BCA00A041BC /* DDMathStringTokenizer.m */; };
		550C416913BA8BCA00A041BC /* DDMathStringTokenizer.m in Sources */ = {isa = PBXBuildFile; fileRef = 550C416713BA8BCA00A041BC /* DDMathStringTokenizer.m */; };
		550C416A13BA8BCA00A041BC /* DDMathStringTokenizer.m in Sources */ = {isa = PBXBuildFile; fileRef = 550C416713BA8BCA00A041BC /* DDMathStringTokenizer.m */; };
		5514EF161347EBA10010B9D8 /* DDTypes.m in Sources */ = {isa = PBXBuildFile; fileRef = 5526E9E01310EF880018B4C9 /* DDTypes.m */; };
		5514EF171347EBA20010B9D8 /* DDTypes.m in Sources */ = {isa = PBXBuildFile; fileRef = 5526E9E01310EF880018B4C9 /* DDTypes.m */; };
		551AFD0818785F340081DFDA /* DDExpressionRewriter.m in Sources */ = {isa = PBXBuildFile; fileRef = 551AFD0718785F340081DFDA /* DDExpressionRewriter.m */; };
		551AFD091878637D0081DFDA /* DDExpressionRewriter.m in Sources */ = {isa = PBXBuildFile; fileRef = 551AFD0718785F340081DFDA /* DDExpressionRewriter.m */; };
		551AFD0A1878637D0081DFDA /* DDExpressionRewriter.m in Sources */ = {isa = PBXBuildFile; fileRef = 551AFD0718785F340081DFDA /* DDExpressionRewriter.m */; };
		551C8C4A144E5CFC00520BDA /* DDParserTypes.m in Sources */ = {isa = PBXBuildFile; fileRef = 551C8C49144E5CFC00520BDA /* DDParserTypes.m */; };
		551EA4B813CD657400302C67 /* _DDOperatorTerm.m in Sources */ = {isa = PBXBuildFile; fileRef = 551EA4B713CD657400302C67 /* _DDOperatorTerm.m */; };
		552532B712C1C92D00A942A7 /* _DDFunctionEvaluator.m in Sources */ = {isa = PBXBuildFile; fileRef = 552532B612C1C92D00A942A7 /* _DDFunctionEvaluator.m */; };
		552532B812C1C92D00A942A7 /* _DDFunctionEvaluator.m in Sources */ = {isa = PBXBuildFile; fileRef = 552532B612C1C92D00A942A7 /* _DDFunctionEvaluator.m */; };
		552532B912C1C92D00A942A7 /* _DDFunctionEvaluator.m in Sources */ = {isa = PBXBuildFile; fileRef = 552532B612C1C92D00A942A7 /* _DDFunctionEvaluator.m */; };
		5526E9E11310EF880018B4C9 /* DDTypes.m in Sources */ = {isa = PBXBuildFile; fileRef = 5526E9E01310EF880018B4C9 /* DDTypes.m */; };
		55325A1912A8C82C00DE9EB0 /* DDParser.m in Sources */ = {isa = PBXBuildFile; fileRef = 55E2FCB6129DC90400CD6023 /* DDParser.m */; };
		5537E36012AB20F30000CFED /* DDParser.m in Sources */ = {isa = PBXBuildFile; fileRef = 55E2FCB6129DC90400CD6023 /* DDParser.m */; };
		5537E36412AB20F30000CFED /* DDMathStringToken.m in Sources */ = {isa = PBXBuildFile; fileRef = 55F795E21293175B00EF2716 /* DDMathStringToken.m */; };
		5537E36512AB20F30000CFED /* NSString+DDMathParsing.m in Sources */ = {isa = PBXBuildFile; fileRef = 55BA679F1299FA19002279A5 /* NSString+DDMathParsing.m */; };
		5537E36712AB20F30000CFED /* DDMathEvaluator.m in Sources */ = {isa = PBXBuildFile; fileRef = 5554D58A12944AFD00A62529 /* DDMathEvaluator.m */; };
		5537E36912AB20F30000CFED /* DDExpression.m in Sources */ = {isa = PBXBuildFile; fileRef = 55F7963612934A1400EF2716 /* DDExpression.m */; };
		5537E36A12AB20F30000CFED /* _DDFunctionExpression.m in Sources */ = {isa = PBXBuildFile; fileRef = 55F9EFEA1295AF3D00F4A9FD /* _DDFunctionExpression.m */; };
		5537E36B12AB20F30000CFED /* _DDNumberExpression.m in Sources */ = {isa = PBXBuildFile; fileRef = 55F9EFED1295AF7500F4A9FD /* _DDNumberExpression.m */; };
		5537E36C12AB20F30000CFED /* _DDVariableExpression.m in Sources */ = {isa = PBXBuildFile; fileRef = 55F9EFF01295AFB500F4A9FD /* _DDVariableExpression.m */; };
		5537E36F12AB21140000CFED /* Demo.m in Sources */ = {isa = PBXBuildFile; fileRef = 5537E36E12AB21140000CFED /* Demo.m */; };
		5537E37312AB214D0000CFED /* DemoController.m in Sources */ = {isa = PBXBuildFile; fileRef = 5537E37212AB214D0000CFED /* DemoController.m */; };
		5537E37512AB229C0000CFED /* Demo.xib in Resources */ = {isa = PBXBuildFile; fileRef = 5537E37412AB229C0000CFED /* Demo.xib */; };
		554243571437654800BA293D /* DDMathOperator.m in Sources */ = {isa = PBXBuildFile; fileRef = 554243561437654800BA293D /* DDMathOperator.m */; };
		554243581437654800BA293D /* DDMathOperator.m in Sources */ = {isa = PBXBuildFile; fileRef = 554243561437654800BA293D /* DDMathOperator.m */; };
		554243591437654800BA293D /* DDMathOperator.m in Sources */ = {isa = PBXBuildFile; fileRef = 554243561437654800BA293D /* DDMathOperator.m */; };
		554DA12B12985DAE00433840 /* DDExpression.m in Sources */ = {isa = PBXBuildFile; fileRef = 55F7963612934A1400EF2716 /* DDExpression.m */; };
		554DA12E12985DB500433840 /* _DDFunctionExpression.m in Sources */ = {isa = PBXBuildFile; fileRef = 55F9EFEA1295AF3D00F4A9FD /* _DDFunctionExpression.m */; };
		554DA12F12985DB500433840 /* _DDNumberExpression.m in Sources */ = {isa = PBXBuildFile; fileRef = 55F9EFED1295AF7500F4A9FD /* _DDNumberExpression.m */; };
		554DA13012985DB500433840 /* _DDVariableExpression.m in Sources */ = {isa = PBXBuildFile; fileRef = 55F9EFF01295AFB500F4A9FD /* _DDVariableExpression.m */; };
		5554D58B12944AFD00A62529 /* DDMathEvaluator.m in Sources */ = {isa = PBXBuildFile; fileRef = 5554D58A12944AFD00A62529 /* DDMathEvaluator.m */; };
		5554D58C12944AFD00A62529 /* DDMathEvaluator.m in Sources */ = {isa = PBXBuildFile; fileRef = 5554D58A12944AFD00A62529 /* DDMathEvaluator.m */; };
		556C293713CD4276005203F1 /* _DDGroupTerm.m in Sources */ = {isa = PBXBuildFile; fileRef = 556C293613CD4276005203F1 /* _DDGroupTerm.m */; };
		556C293A13CD42A8005203F1 /* _DDFunctionTerm.m in Sources */ = {isa = PBXBuildFile; fileRef = 556C293913CD42A8005203F1 /* _DDFunctionTerm.m */; };
		556C293D13CD42F4005203F1 /* _DDNumberTerm.m in Sources */ = {isa = PBXBuildFile; fileRef = 556C293C13CD42F4005203F1 /* _DDNumberTerm.m */; };
		556C294013CD42FF005203F1 /* _DDVariableTerm.m in Sources */ = {isa = PBXBuildFile; fileRef = 556C293F13CD42FE005203F1 /* _DDVariableTerm.m */; };
		556E126C149D2D4F00859AD8 /* DDParserTypes.m in Sources */ = {isa = PBXBuildFile; fileRef = 551C8C49144E5CFC00520BDA /* DDParserTypes.m */; };
		556E126D149D2D5000859AD8 /* DDParserTypes.m in Sources */ = {isa = PBXBuildFile; fileRef = 551C8C49144E5CFC00520BDA /* DDParserTypes.m */; };
		557067B813CC0D19004CB1B2 /* _DDParserTerm.m in Sources */ = {isa = PBXBuildFile; fileRef = 557067B713CC0D19004CB1B2 /* _DDParserTerm.m */; };
		558A285714A2EEE9000FBE0C /* UnitTestMacros.m in Sources */ = {isa = PBXBuildFile; fileRef = 558A285614A2EEE9000FBE0C /* UnitTestMacros.m */; };
		55ABBAAB142ECB1300BDF29A /* _DDRewriteRule.m in Sources */ = {isa = PBXBuildFile; fileRef = 55ABBAAA142ECB1300BDF29A /* _DDRewriteRule.m */; };
		55BA67A01299FA19002279A5 /* NSString+DDMathParsing.m in Sources */ = {isa = PBXBuildFile; fileRef = 55BA679F1299FA19002279A5 /* NSString+DDMathParsing.m */; };
		55BA67A11299FAEF002279A5 /* NSString+DDMathParsing.m in Sources */ = {isa = PBXBuildFile; fileRef = 55BA679F1299FA19002279A5 /* NSString+DDMathParsing.m */; };
		55D2AD501295834600BA2905 /* EvaluationTests.m in Sources */ = {isa = PBXBuildFile; fileRef = 55D2AD4F1295834600BA2905 /* EvaluationTests.m */; };
		55E2FCB7129DC90400CD6023 /* DDParser.m in Sources */ = {isa = PBXBuildFile; fileRef = 55E2FCB6129DC90400CD6023 /* DDParser.m */; };
		55F3918A1632FF8900AB28B1 /* _DDPrecisionFunctionEvaluator.m in Sources */ = {isa = PBXBuildFile; fileRef = 55F391891632FF8900AB28B1 /* _DDPrecisionFunctionEvaluator.m */; };
		55F3918B1633349100AB28B1 /* _DDPrecisionFunctionEvaluator.m in Sources */ = {isa = PBXBuildFile; fileRef = 55F391891632FF8900AB28B1 /* _DDPrecisionFunctionEvaluator.m */; };
		55F3918C1633349500AB28B1 /* _DDPrecisionFunctionEvaluator.m in Sources */ = {isa = PBXBuildFile; fileRef = 55F391891632FF8900AB28B1 /* _DDPrecisionFunctionEvaluator.m */; };
		55F3918F1634AAB100AB28B1 /* _DDDecimalFunctions.m in Sources */ = {isa = PBXBuildFile; fileRef = 55F3918E1634AAB100AB28B1 /* _DDDecimalFunctions.m */; };
		55F391901634AAB100AB28B1 /* _DDDecimalFunctions.m in Sources */ = {isa = PBXBuildFile; fileRef = 55F3918E1634AAB100AB28B1 /* _DDDecimalFunctions.m */; };
		55F391911634AAB100AB28B1 /* _DDDecimalFunctions.m in Sources */ = {isa = PBXBuildFile; fileRef = 55F3918E1634AAB100AB28B1 /* _DDDecimalFunctions.m */; };
		55F795E31293175B00EF2716 /* DDMathStringToken.m in Sources */ = {isa = PBXBuildFile; fileRef = 55F795E21293175B00EF2716 /* DDMathStringToken.m */; };
		55F795F3129323B200EF2716 /* DDMathStringToken.m in Sources */ = {isa = PBXBuildFile; fileRef = 55F795E21293175B00EF2716 /* DDMathStringToken.m */; };
		55F7963712934A1400EF2716 /* DDExpression.m in Sources */ = {isa = PBXBuildFile; fileRef = 55F7963612934A1400EF2716 /* DDExpression.m */; };
		55F99B2F1434FA9900817F7A /* _DDRewriteRule.m in Sources */ = {isa = PBXBuildFile; fileRef = 55ABBAAA142ECB1300BDF29A /* _DDRewriteRule.m */; };
		55F99B301434FA9A00817F7A /* _DDRewriteRule.m in Sources */ = {isa = PBXBuildFile; fileRef = 55ABBAAA142ECB1300BDF29A /* _DDRewriteRule.m */; };
		55F9EFEB1295AF3D00F4A9FD /* _DDFunctionExpression.m in Sources */ = {isa = PBXBuildFile; fileRef = 55F9EFEA1295AF3D00F4A9FD /* _DDFunctionExpression.m */; };
		55F9EFEE1295AF7500F4A9FD /* _DDNumberExpression.m in Sources */ = {isa = PBXBuildFile; fileRef = 55F9EFED1295AF7500F4A9FD /* _DDNumberExpression.m */; };
		55F9EFF11295AFB500F4A9FD /* _DDVariableExpression.m in Sources */ = {isa = PBXBuildFile; fileRef = 55F9EFF01295AFB500F4A9FD /* _DDVariableExpression.m */; };
		55F9F0141295C19900F4A9FD /* NSExpression+EasyParsing.m in Sources */ = {isa = PBXBuildFile; fileRef = 55F9F0131295C19900F4A9FD /* NSExpression+EasyParsing.m */; };
		8DD76F9A0486AA7600D96B5E /* main.m in Sources */ = {isa = PBXBuildFile; fileRef = 08FB7796FE84155DC02AAC07 /* main.m */; settings = {ATTRIBUTES = (); }; };
		8DD76F9C0486AA7600D96B5E /* Foundation.framework in Frameworks */ = {isa = PBXBuildFile; fileRef = 08FB779EFE84155DC02AAC07 /* Foundation.framework */; };
		8DD76F9F0486AA7600D96B5E /* DDMathParser.1 in CopyFiles */ = {isa = PBXBuildFile; fileRef = C6859EA3029092ED04C91782 /* DDMathParser.1 */; };
/* End PBXBuildFile section */

/* Begin PBXCopyFilesBuildPhase section */
		8DD76F9E0486AA7600D96B5E /* CopyFiles */ = {
			isa = PBXCopyFilesBuildPhase;
			buildActionMask = 8;
			dstPath = /usr/share/man/man1/;
			dstSubfolderSpec = 0;
			files = (
				8DD76F9F0486AA7600D96B5E /* DDMathParser.1 in CopyFiles */,
			);
			runOnlyForDeploymentPostprocessing = 1;
		};
/* End PBXCopyFilesBuildPhase section */

/* Begin PBXFileReference section */
		08FB7796FE84155DC02AAC07 /* main.m */ = {isa = PBXFileReference; fileEncoding = 4; lastKnownFileType = sourcecode.c.objc; lineEnding = 0; path = main.m; sourceTree = "<group>"; xcLanguageSpecificationIdentifier = xcode.lang.objc; };
		08FB779EFE84155DC02AAC07 /* Foundation.framework */ = {isa = PBXFileReference; lastKnownFileType = wrapper.framework; name = Foundation.framework; path = /System/Library/Frameworks/Foundation.framework; sourceTree = "<absolute>"; };
		32A70AAB03705E1F00C91783 /* DDMathParser_Prefix.pch */ = {isa = PBXFileReference; fileEncoding = 4; lastKnownFileType = sourcecode.c.h; path = DDMathParser_Prefix.pch; sourceTree = "<group>"; };
		550C416613BA8BCA00A041BC /* DDMathStringTokenizer.h */ = {isa = PBXFileReference; fileEncoding = 4; lastKnownFileType = sourcecode.c.h; path = DDMathStringTokenizer.h; sourceTree = "<group>"; };
		550C416713BA8BCA00A041BC /* DDMathStringTokenizer.m */ = {isa = PBXFileReference; fileEncoding = 4; lastKnownFileType = sourcecode.c.objc; lineEnding = 0; path = DDMathStringTokenizer.m; sourceTree = "<group>"; xcLanguageSpecificationIdentifier = xcode.lang.objc; };
		5514EE291347CE9B0010B9D8 /* DDMathParserMacros.h */ = {isa = PBXFileReference; fileEncoding = 4; lastKnownFileType = sourcecode.c.h; name = DDMathParserMacros.h; path = DDMathParser/DDMathParserMacros.h; sourceTree = "<group>"; };
		551AFD0618785F340081DFDA /* DDExpressionRewriter.h */ = {isa = PBXFileReference; fileEncoding = 4; lastKnownFileType = sourcecode.c.h; name = DDExpressionRewriter.h; path = DDMathParser/DDExpressionRewriter.h; sourceTree = "<group>"; };
		551AFD0718785F340081DFDA /* DDExpressionRewriter.m */ = {isa = PBXFileReference; fileEncoding = 4; lastKnownFileType = sourcecode.c.objc; name = DDExpressionRewriter.m; path = DDMathParser/DDExpressionRewriter.m; sourceTree = "<group>"; };
		551C8C49144E5CFC00520BDA /* DDParserTypes.m */ = {isa = PBXFileReference; fileEncoding = 4; lastKnownFileType = sourcecode.c.objc; path = DDParserTypes.m; sourceTree = "<group>"; };
		551EA4B613CD657300302C67 /* _DDOperatorTerm.h */ = {isa = PBXFileReference; fileEncoding = 4; lastKnownFileType = sourcecode.c.h; path = _DDOperatorTerm.h; sourceTree = "<group>"; };
		551EA4B713CD657400302C67 /* _DDOperatorTerm.m */ = {isa = PBXFileReference; fileEncoding = 4; lastKnownFileType = sourcecode.c.objc; path = _DDOperatorTerm.m; sourceTree = "<group>"; };
		552532B512C1C92D00A942A7 /* _DDFunctionEvaluator.h */ = {isa = PBXFileReference; fileEncoding = 4; lastKnownFileType = sourcecode.c.h; path = _DDFunctionEvaluator.h; sourceTree = "<group>"; };
		552532B612C1C92D00A942A7 /* _DDFunctionEvaluator.m */ = {isa = PBXFileReference; fileEncoding = 4; lastKnownFileType = sourcecode.c.objc; path = _DDFunctionEvaluator.m; sourceTree = "<group>"; };
		5526E9E01310EF880018B4C9 /* DDTypes.m */ = {isa = PBXFileReference; fileEncoding = 4; lastKnownFileType = sourcecode.c.objc; path = DDTypes.m; sourceTree = "<group>"; };
		5537E35A12AB20D20000CFED /* Demo.app */ = {isa = PBXFileReference; explicitFileType = wrapper.application; includeInIndex = 0; path = Demo.app; sourceTree = BUILT_PRODUCTS_DIR; };
		5537E36E12AB21140000CFED /* Demo.m */ = {isa = PBXFileReference; fileEncoding = 4; lastKnownFileType = sourcecode.c.objc; path = Demo.m; sourceTree = "<group>"; };
		5537E37112AB214D0000CFED /* DemoController.h */ = {isa = PBXFileReference; fileEncoding = 4; lastKnownFileType = sourcecode.c.h; path = DemoController.h; sourceTree = "<group>"; };
		5537E37212AB214D0000CFED /* DemoController.m */ = {isa = PBXFileReference; fileEncoding = 4; lastKnownFileType = sourcecode.c.objc; path = DemoController.m; sourceTree = "<group>"; };
		5537E37412AB229C0000CFED /* Demo.xib */ = {isa = PBXFileReference; lastKnownFileType = file.xib; path = Demo.xib; sourceTree = "<group>"; };
		554243551437654800BA293D /* DDMathOperator.h */ = {isa = PBXFileReference; fileEncoding = 4; lastKnownFileType = sourcecode.c.h; path = DDMathOperator.h; sourceTree = "<group>"; };
		554243561437654800BA293D /* DDMathOperator.m */ = {isa = PBXFileReference; fileEncoding = 4; lastKnownFileType = sourcecode.c.objc; path = DDMathOperator.m; sourceTree = "<group>"; };
		5554D58912944AFD00A62529 /* DDMathEvaluator.h */ = {isa = PBXFileReference; fileEncoding = 4; lastKnownFileType = sourcecode.c.h; path = DDMathEvaluator.h; sourceTree = "<group>"; };
		5554D58A12944AFD00A62529 /* DDMathEvaluator.m */ = {isa = PBXFileReference; fileEncoding = 4; lastKnownFileType = sourcecode.c.objc; lineEnding = 0; path = DDMathEvaluator.m; sourceTree = "<group>"; xcLanguageSpecificationIdentifier = xcode.lang.objc; };
		5554D5EF129478E800A62529 /* DDMathEvaluator+Private.h */ = {isa = PBXFileReference; fileEncoding = 4; lastKnownFileType = sourcecode.c.h; path = "DDMathEvaluator+Private.h"; sourceTree = "<group>"; };
		556C293513CD4276005203F1 /* _DDGroupTerm.h */ = {isa = PBXFileReference; fileEncoding = 4; lastKnownFileType = sourcecode.c.h; path = _DDGroupTerm.h; sourceTree = "<group>"; };
		556C293613CD4276005203F1 /* _DDGroupTerm.m */ = {isa = PBXFileReference; fileEncoding = 4; lastKnownFileType = sourcecode.c.objc; lineEnding = 0; path = _DDGroupTerm.m; sourceTree = "<group>"; xcLanguageSpecificationIdentifier = xcode.lang.objc; };
		556C293813CD42A8005203F1 /* _DDFunctionTerm.h */ = {isa = PBXFileReference; fileEncoding = 4; lastKnownFileType = sourcecode.c.h; path = _DDFunctionTerm.h; sourceTree = "<group>"; };
		556C293913CD42A8005203F1 /* _DDFunctionTerm.m */ = {isa = PBXFileReference; fileEncoding = 4; lastKnownFileType = sourcecode.c.objc; lineEnding = 0; path = _DDFunctionTerm.m; sourceTree = "<group>"; xcLanguageSpecificationIdentifier = xcode.lang.objc; };
		556C293B13CD42F3005203F1 /* _DDNumberTerm.h */ = {isa = PBXFileReference; fileEncoding = 4; lastKnownFileType = sourcecode.c.h; path = _DDNumberTerm.h; sourceTree = "<group>"; };
		556C293C13CD42F4005203F1 /* _DDNumberTerm.m */ = {isa = PBXFileReference; fileEncoding = 4; lastKnownFileType = sourcecode.c.objc; path = _DDNumberTerm.m; sourceTree = "<group>"; };
		556C293E13CD42FE005203F1 /* _DDVariableTerm.h */ = {isa = PBXFileReference; fileEncoding = 4; lastKnownFileType = sourcecode.c.h; path = _DDVariableTerm.h; sourceTree = "<group>"; };
		556C293F13CD42FE005203F1 /* _DDVariableTerm.m */ = {isa = PBXFileReference; fileEncoding = 4; lastKnownFileType = sourcecode.c.objc; path = _DDVariableTerm.m; sourceTree = "<group>"; };
		557067B613CC0D19004CB1B2 /* _DDParserTerm.h */ = {isa = PBXFileReference; fileEncoding = 4; lastKnownFileType = sourcecode.c.h; path = _DDParserTerm.h; sourceTree = "<group>"; };
		557067B713CC0D19004CB1B2 /* _DDParserTerm.m */ = {isa = PBXFileReference; fileEncoding = 4; lastKnownFileType = sourcecode.c.objc; lineEnding = 0; path = _DDParserTerm.m; sourceTree = "<group>"; xcLanguageSpecificationIdentifier = xcode.lang.objc; };
		5570E3B112AA2D8D002FE945 /* DDParserTypes.h */ = {isa = PBXFileReference; fileEncoding = 4; lastKnownFileType = sourcecode.c.h; path = DDParserTypes.h; sourceTree = "<group>"; };
		55890B631875288C0051E3B1 /* DDMathOperator_Internal.h */ = {isa = PBXFileReference; lastKnownFileType = sourcecode.c.h; path = DDMathOperator_Internal.h; sourceTree = "<group>"; };
		558A285514A2ED36000FBE0C /* UnitTestMacros.h */ = {isa = PBXFileReference; fileEncoding = 4; lastKnownFileType = sourcecode.c.h; path = UnitTestMacros.h; sourceTree = "<group>"; };
		558A285614A2EEE9000FBE0C /* UnitTestMacros.m */ = {isa = PBXFileReference; fileEncoding = 4; lastKnownFileType = sourcecode.c.objc; path = UnitTestMacros.m; sourceTree = "<group>"; };
		55ABBAA9142ECB1300BDF29A /* _DDRewriteRule.h */ = {isa = PBXFileReference; fileEncoding = 4; lastKnownFileType = sourcecode.c.h; name = _DDRewriteRule.h; path = DDMathParser/_DDRewriteRule.h; sourceTree = "<group>"; };
		55ABBAAA142ECB1300BDF29A /* _DDRewriteRule.m */ = {isa = PBXFileReference; fileEncoding = 4; lastKnownFileType = sourcecode.c.objc; lineEnding = 0; name = _DDRewriteRule.m; path = DDMathParser/_DDRewriteRule.m; sourceTree = "<group>"; xcLanguageSpecificationIdentifier = xcode.lang.objc; };
		55B303E414428310003D7FEC /* Demo-Info.plist */ = {isa = PBXFileReference; fileEncoding = 4; lastKnownFileType = text.plist.xml; path = "Demo-Info.plist"; sourceTree = "<group>"; };
		55BA673E1298ECA2002279A5 /* DDMathParser.h */ = {isa = PBXFileReference; fileEncoding = 4; lastKnownFileType = sourcecode.c.h; lineEnding = 0; name = DDMathParser.h; path = DDMathParser/DDMathParser.h; sourceTree = "<group>"; xcLanguageSpecificationIdentifier = xcode.lang.objcpp; };
		55BA679E1299FA19002279A5 /* NSString+DDMathParsing.h */ = {isa = PBXFileReference; fileEncoding = 4; lastKnownFileType = sourcecode.c.h; path = "NSString+DDMathParsing.h"; sourceTree = "<group>"; };
		55BA679F1299FA19002279A5 /* NSString+DDMathParsing.m */ = {isa = PBXFileReference; fileEncoding = 4; lastKnownFileType = sourcecode.c.objc; path = "NSString+DDMathParsing.m"; sourceTree = "<group>"; };
		55BFA9A6128CDDEB00A80228 /* UnitTests.octest */ = {isa = PBXFileReference; explicitFileType = wrapper.cfbundle; includeInIndex = 0; path = UnitTests.octest; sourceTree = BUILT_PRODUCTS_DIR; };
		55BFA9A7128CDDEB00A80228 /* UnitTests-Info.plist */ = {isa = PBXFileReference; lastKnownFileType = text.plist.xml; path = "UnitTests-Info.plist"; sourceTree = "<group>"; };
		55BFA9AE128CDE7600A80228 /* ParserTests.h */ = {isa = PBXFileReference; fileEncoding = 4; lastKnownFileType = sourcecode.c.h; path = ParserTests.h; sourceTree = "<group>"; };
		55BFA9AF128CDE7600A80228 /* ParserTests.m */ = {isa = PBXFileReference; fileEncoding = 4; lastKnownFileType = sourcecode.c.objc; path = ParserTests.m; sourceTree = "<group>"; };
		55D2AD4E1295834600BA2905 /* EvaluationTests.h */ = {isa = PBXFileReference; fileEncoding = 4; lastKnownFileType = sourcecode.c.h; path = EvaluationTests.h; sourceTree = "<group>"; };
		55D2AD4F1295834600BA2905 /* EvaluationTests.m */ = {isa = PBXFileReference; fileEncoding = 4; lastKnownFileType = sourcecode.c.objc; path = EvaluationTests.m; sourceTree = "<group>"; };
		55E2FCB5129DC90400CD6023 /* DDParser.h */ = {isa = PBXFileReference; fileEncoding = 4; lastKnownFileType = sourcecode.c.h; path = DDParser.h; sourceTree = "<group>"; };
		55E2FCB6129DC90400CD6023 /* DDParser.m */ = {isa = PBXFileReference; fileEncoding = 4; lastKnownFileType = sourcecode.c.objc; lineEnding = 0; path = DDParser.m; sourceTree = "<group>"; xcLanguageSpecificationIdentifier = xcode.lang.objc; };
		55F391881632FF8800AB28B1 /* _DDPrecisionFunctionEvaluator.h */ = {isa = PBXFileReference; fileEncoding = 4; lastKnownFileType = sourcecode.c.h; path = _DDPrecisionFunctionEvaluator.h; sourceTree = "<group>"; };
		55F391891632FF8900AB28B1 /* _DDPrecisionFunctionEvaluator.m */ = {isa = PBXFileReference; fileEncoding = 4; lastKnownFileType = sourcecode.c.objc; path = _DDPrecisionFunctionEvaluator.m; sourceTree = "<group>"; };
		55F3918D1634AAB000AB28B1 /* _DDDecimalFunctions.h */ = {isa = PBXFileReference; fileEncoding = 4; lastKnownFileType = sourcecode.c.h; path = _DDDecimalFunctions.h; sourceTree = "<group>"; };
		55F3918E1634AAB100AB28B1 /* _DDDecimalFunctions.m */ = {isa = PBXFileReference; fileEncoding = 4; lastKnownFileType = sourcecode.c.objc; path = _DDDecimalFunctions.m; sourceTree = "<group>"; };
		55F795E11293175B00EF2716 /* DDMathStringToken.h */ = {isa = PBXFileReference; fileEncoding = 4; lastKnownFileType = sourcecode.c.h; path = DDMathStringToken.h; sourceTree = "<group>"; };
		55F795E21293175B00EF2716 /* DDMathStringToken.m */ = {isa = PBXFileReference; fileEncoding = 4; lastKnownFileType = sourcecode.c.objc; path = DDMathStringToken.m; sourceTree = "<group>"; };
		55F795F01293235A00EF2716 /* TokenizerTests.h */ = {isa = PBXFileReference; fileEncoding = 4; lastKnownFileType = sourcecode.c.h; path = TokenizerTests.h; sourceTree = "<group>"; };
		55F795F11293235A00EF2716 /* TokenizerTests.m */ = {isa = PBXFileReference; fileEncoding = 4; lastKnownFileType = sourcecode.c.objc; path = TokenizerTests.m; sourceTree = "<group>"; };
		55F7963512934A1400EF2716 /* DDExpression.h */ = {isa = PBXFileReference; fileEncoding = 4; lastKnownFileType = sourcecode.c.h; path = DDExpression.h; sourceTree = "<group>"; };
		55F7963612934A1400EF2716 /* DDExpression.m */ = {isa = PBXFileReference; fileEncoding = 4; lastKnownFileType = sourcecode.c.objc; path = DDExpression.m; sourceTree = "<group>"; };
		55F9EFE81295A9AB00F4A9FD /* DDTypes.h */ = {isa = PBXFileReference; fileEncoding = 4; lastKnownFileType = sourcecode.c.h; path = DDTypes.h; sourceTree = "<group>"; };
		55F9EFE91295AF3D00F4A9FD /* _DDFunctionExpression.h */ = {isa = PBXFileReference; fileEncoding = 4; lastKnownFileType = sourcecode.c.h; path = _DDFunctionExpression.h; sourceTree = "<group>"; };
		55F9EFEA1295AF3D00F4A9FD /* _DDFunctionExpression.m */ = {isa = PBXFileReference; fileEncoding = 4; lastKnownFileType = sourcecode.c.objc; lineEnding = 0; path = _DDFunctionExpression.m; sourceTree = "<group>"; xcLanguageSpecificationIdentifier = xcode.lang.objc; };
		55F9EFEC1295AF7500F4A9FD /* _DDNumberExpression.h */ = {isa = PBXFileReference; fileEncoding = 4; lastKnownFileType = sourcecode.c.h; path = _DDNumberExpression.h; sourceTree = "<group>"; };
		55F9EFED1295AF7500F4A9FD /* _DDNumberExpression.m */ = {isa = PBXFileReference; fileEncoding = 4; lastKnownFileType = sourcecode.c.objc; lineEnding = 0; path = _DDNumberExpression.m; sourceTree = "<group>"; xcLanguageSpecificationIdentifier = xcode.lang.objc; };
		55F9EFEF1295AFB500F4A9FD /* _DDVariableExpression.h */ = {isa = PBXFileReference; fileEncoding = 4; lastKnownFileType = sourcecode.c.h; path = _DDVariableExpression.h; sourceTree = "<group>"; };
		55F9EFF01295AFB500F4A9FD /* _DDVariableExpression.m */ = {isa = PBXFileReference; fileEncoding = 4; lastKnownFileType = sourcecode.c.objc; lineEnding = 0; path = _DDVariableExpression.m; sourceTree = "<group>"; xcLanguageSpecificationIdentifier = xcode.lang.objc; };
		55F9F0121295C19900F4A9FD /* NSExpression+EasyParsing.h */ = {isa = PBXFileReference; fileEncoding = 4; lastKnownFileType = sourcecode.c.h; path = "NSExpression+EasyParsing.h"; sourceTree = "<group>"; };
		55F9F0131295C19900F4A9FD /* NSExpression+EasyParsing.m */ = {isa = PBXFileReference; fileEncoding = 4; lastKnownFileType = sourcecode.c.objc; path = "NSExpression+EasyParsing.m"; sourceTree = "<group>"; };
		8DD76FA10486AA7600D96B5E /* DDMathParser */ = {isa = PBXFileReference; explicitFileType = "compiled.mach-o.executable"; includeInIndex = 0; path = DDMathParser; sourceTree = BUILT_PRODUCTS_DIR; };
		C6859EA3029092ED04C91782 /* DDMathParser.1 */ = {isa = PBXFileReference; lastKnownFileType = text.man; path = DDMathParser.1; sourceTree = "<group>"; };
/* End PBXFileReference section */

/* Begin PBXFrameworksBuildPhase section */
		5537E35812AB20D20000CFED /* Frameworks */ = {
			isa = PBXFrameworksBuildPhase;
			buildActionMask = 2147483647;
			files = (
			);
			runOnlyForDeploymentPostprocessing = 0;
		};
		55BFA9A3128CDDEB00A80228 /* Frameworks */ = {
			isa = PBXFrameworksBuildPhase;
			buildActionMask = 2147483647;
			files = (
			);
			runOnlyForDeploymentPostprocessing = 0;
		};
		8DD76F9B0486AA7600D96B5E /* Frameworks */ = {
			isa = PBXFrameworksBuildPhase;
			buildActionMask = 2147483647;
			files = (
				8DD76F9C0486AA7600D96B5E /* Foundation.framework in Frameworks */,
			);
			runOnlyForDeploymentPostprocessing = 0;
		};
/* End PBXFrameworksBuildPhase section */

/* Begin PBXGroup section */
		08FB7794FE84155DC02AAC07 /* DDMathParser */ = {
			isa = PBXGroup;
			children = (
				08FB7795FE84155DC02AAC07 /* Source */,
				C6859EA2029092E104C91782 /* Documentation */,
				08FB779DFE84155DC02AAC07 /* External Frameworks and Libraries */,
				1AB674ADFE9D54B511CA2CBB /* Products */,
			);
			name = DDMathParser;
			sourceTree = "<group>";
		};
		08FB7795FE84155DC02AAC07 /* Source */ = {
			isa = PBXGroup;
			children = (
				32A70AAB03705E1F00C91783 /* DDMathParser_Prefix.pch */,
				5565122513CA7AE4004B7C67 /* Command line demo */,
				5537E37012AB21440000CFED /* Demo */,
				5537E36D12AB21050000CFED /* DDMathParser */,
				55BFA9BA128CDF8F00A80228 /* Unit Tests */,
			);
			name = Source;
			sourceTree = "<group>";
		};
		08FB779DFE84155DC02AAC07 /* External Frameworks and Libraries */ = {
			isa = PBXGroup;
			children = (
				08FB779EFE84155DC02AAC07 /* Foundation.framework */,
			);
			name = "External Frameworks and Libraries";
			sourceTree = "<group>";
		};
		1AB674ADFE9D54B511CA2CBB /* Products */ = {
			isa = PBXGroup;
			children = (
				8DD76FA10486AA7600D96B5E /* DDMathParser */,
				55BFA9A6128CDDEB00A80228 /* UnitTests.octest */,
				5537E35A12AB20D20000CFED /* Demo.app */,
			);
			name = Products;
			sourceTree = "<group>";
		};
		55325A0312A8C34400DE9EB0 /* Precedence Parser */ = {
			isa = PBXGroup;
			children = (
				55E2FCB5129DC90400CD6023 /* DDParser.h */,
				55E2FCB6129DC90400CD6023 /* DDParser.m */,
				554243551437654800BA293D /* DDMathOperator.h */,
				55890B631875288C0051E3B1 /* DDMathOperator_Internal.h */,
				554243561437654800BA293D /* DDMathOperator.m */,
				5565122613CAB1D7004B7C67 /* Terms */,
			);
			name = "Precedence Parser";
			sourceTree = "<group>";
		};
		5537E36D12AB21050000CFED /* DDMathParser */ = {
			isa = PBXGroup;
			children = (
				55BA673E1298ECA2002279A5 /* DDMathParser.h */,
				5514EE291347CE9B0010B9D8 /* DDMathParserMacros.h */,
				55BFA9B2128CDEA200A80228 /* Parser */,
				55F7966612934F8900EF2716 /* Evaluator */,
				55ABBAAC142ECB1900BDF29A /* Rewriting */,
			);
			name = DDMathParser;
			sourceTree = "<group>";
		};
		5537E37012AB21440000CFED /* Demo */ = {
			isa = PBXGroup;
			children = (
				5537E36E12AB21140000CFED /* Demo.m */,
				5537E37112AB214D0000CFED /* DemoController.h */,
				5537E37212AB214D0000CFED /* DemoController.m */,
				5537E37412AB229C0000CFED /* Demo.xib */,
				55B303E414428310003D7FEC /* Demo-Info.plist */,
			);
			path = Demo;
			sourceTree = "<group>";
		};
		5564B916170897D700E57E02 /* Function Evaluators */ = {
			isa = PBXGroup;
			children = (
				552532B512C1C92D00A942A7 /* _DDFunctionEvaluator.h */,
				552532B612C1C92D00A942A7 /* _DDFunctionEvaluator.m */,
				55F391881632FF8800AB28B1 /* _DDPrecisionFunctionEvaluator.h */,
				55F391891632FF8900AB28B1 /* _DDPrecisionFunctionEvaluator.m */,
				55F3918D1634AAB000AB28B1 /* _DDDecimalFunctions.h */,
				55F3918E1634AAB100AB28B1 /* _DDDecimalFunctions.m */,
			);
			name = "Function Evaluators";
			sourceTree = "<group>";
		};
		5564B917170897E500E57E02 /* Expressions */ = {
			isa = PBXGroup;
			children = (
				55F7963512934A1400EF2716 /* DDExpression.h */,
				55F7963612934A1400EF2716 /* DDExpression.m */,
				55F9EFE91295AF3D00F4A9FD /* _DDFunctionExpression.h */,
				55F9EFEA1295AF3D00F4A9FD /* _DDFunctionExpression.m */,
				55F9EFEC1295AF7500F4A9FD /* _DDNumberExpression.h */,
				55F9EFED1295AF7500F4A9FD /* _DDNumberExpression.m */,
				55F9EFEF1295AFB500F4A9FD /* _DDVariableExpression.h */,
				55F9EFF01295AFB500F4A9FD /* _DDVariableExpression.m */,
			);
			name = Expressions;
			sourceTree = "<group>";
		};
		5565122513CA7AE4004B7C67 /* Command line demo */ = {
			isa = PBXGroup;
			children = (
				08FB7796FE84155DC02AAC07 /* main.m */,
			);
			path = "Command line demo";
			sourceTree = "<group>";
		};
		5565122613CAB1D7004B7C67 /* Terms */ = {
			isa = PBXGroup;
			children = (
				557067B613CC0D19004CB1B2 /* _DDParserTerm.h */,
				557067B713CC0D19004CB1B2 /* _DDParserTerm.m */,
				556C293513CD4276005203F1 /* _DDGroupTerm.h */,
				556C293613CD4276005203F1 /* _DDGroupTerm.m */,
				556C293813CD42A8005203F1 /* _DDFunctionTerm.h */,
				556C293913CD42A8005203F1 /* _DDFunctionTerm.m */,
				556C293B13CD42F3005203F1 /* _DDNumberTerm.h */,
				556C293C13CD42F4005203F1 /* _DDNumberTerm.m */,
				556C293E13CD42FE005203F1 /* _DDVariableTerm.h */,
				556C293F13CD42FE005203F1 /* _DDVariableTerm.m */,
				551EA4B613CD657300302C67 /* _DDOperatorTerm.h */,
				551EA4B713CD657400302C67 /* _DDOperatorTerm.m */,
			);
			name = Terms;
			sourceTree = "<group>";
		};
		5570E4E412AABEF3002FE945 /* Tokens */ = {
			isa = PBXGroup;
			children = (
				550C416613BA8BCA00A041BC /* DDMathStringTokenizer.h */,
				550C416713BA8BCA00A041BC /* DDMathStringTokenizer.m */,
				55F795E11293175B00EF2716 /* DDMathStringToken.h */,
				55F795E21293175B00EF2716 /* DDMathStringToken.m */,
			);
			name = Tokens;
			sourceTree = "<group>";
		};
		55ABBAAC142ECB1900BDF29A /* Rewriting */ = {
			isa = PBXGroup;
			children = (
				551AFD0618785F340081DFDA /* DDExpressionRewriter.h */,
				551AFD0718785F340081DFDA /* DDExpressionRewriter.m */,
				55ABBAA9142ECB1300BDF29A /* _DDRewriteRule.h */,
				55ABBAAA142ECB1300BDF29A /* _DDRewriteRule.m */,
			);
			name = Rewriting;
			sourceTree = "<group>";
		};
		55BFA9B2128CDEA200A80228 /* Parser */ = {
			isa = PBXGroup;
			children = (
				5570E3B112AA2D8D002FE945 /* DDParserTypes.h */,
				551C8C49144E5CFC00520BDA /* DDParserTypes.m */,
				5570E4E412AABEF3002FE945 /* Tokens */,
				55325A0312A8C34400DE9EB0 /* Precedence Parser */,
				55BA679E1299FA19002279A5 /* NSString+DDMathParsing.h */,
				55BA679F1299FA19002279A5 /* NSString+DDMathParsing.m */,
			);
			name = Parser;
			path = DDMathParser;
			sourceTree = "<group>";
		};
		55BFA9BA128CDF8F00A80228 /* Unit Tests */ = {
			isa = PBXGroup;
			children = (
				55BFA9A7128CDDEB00A80228 /* UnitTests-Info.plist */,
				558A285514A2ED36000FBE0C /* UnitTestMacros.h */,
				558A285614A2EEE9000FBE0C /* UnitTestMacros.m */,
				55F9F0121295C19900F4A9FD /* NSExpression+EasyParsing.h */,
				55F9F0131295C19900F4A9FD /* NSExpression+EasyParsing.m */,
				55BFA9AE128CDE7600A80228 /* ParserTests.h */,
				55BFA9AF128CDE7600A80228 /* ParserTests.m */,
				55F795F01293235A00EF2716 /* TokenizerTests.h */,
				55F795F11293235A00EF2716 /* TokenizerTests.m */,
				55D2AD4E1295834600BA2905 /* EvaluationTests.h */,
				55D2AD4F1295834600BA2905 /* EvaluationTests.m */,
			);
			path = "Unit Tests";
			sourceTree = "<group>";
		};
		55F7966612934F8900EF2716 /* Evaluator */ = {
			isa = PBXGroup;
			children = (
				55F9EFE81295A9AB00F4A9FD /* DDTypes.h */,
				5526E9E01310EF880018B4C9 /* DDTypes.m */,
				5554D58912944AFD00A62529 /* DDMathEvaluator.h */,
				5554D58A12944AFD00A62529 /* DDMathEvaluator.m */,
				5554D5EF129478E800A62529 /* DDMathEvaluator+Private.h */,
				5564B916170897D700E57E02 /* Function Evaluators */,
				5564B917170897E500E57E02 /* Expressions */,
			);
			name = Evaluator;
			path = DDMathParser;
			sourceTree = "<group>";
		};
		C6859EA2029092E104C91782 /* Documentation */ = {
			isa = PBXGroup;
			children = (
				C6859EA3029092ED04C91782 /* DDMathParser.1 */,
			);
			name = Documentation;
			sourceTree = "<group>";
		};
/* End PBXGroup section */

/* Begin PBXNativeTarget section */
		5537E35912AB20D20000CFED /* Demo */ = {
			isa = PBXNativeTarget;
			buildConfigurationList = 5537E35F12AB20D30000CFED /* Build configuration list for PBXNativeTarget "Demo" */;
			buildPhases = (
				5537E35612AB20D20000CFED /* Resources */,
				5537E35712AB20D20000CFED /* Sources */,
				5537E35812AB20D20000CFED /* Frameworks */,
			);
			buildRules = (
			);
			dependencies = (
			);
			name = Demo;
			productName = Demo;
			productReference = 5537E35A12AB20D20000CFED /* Demo.app */;
			productType = "com.apple.product-type.application";
		};
		55BFA9A5128CDDEB00A80228 /* UnitTests */ = {
			isa = PBXNativeTarget;
			buildConfigurationList = 55BFA9AB128CDDEC00A80228 /* Build configuration list for PBXNativeTarget "UnitTests" */;
			buildPhases = (
				55BFA9A1128CDDEB00A80228 /* Resources */,
				55BFA9A2128CDDEB00A80228 /* Sources */,
				55BFA9A3128CDDEB00A80228 /* Frameworks */,
			);
			buildRules = (
			);
			dependencies = (
			);
			name = UnitTests;
			productName = UnitTests;
			productReference = 55BFA9A6128CDDEB00A80228 /* UnitTests.octest */;
			productType = "com.apple.product-type.bundle";
		};
		8DD76F960486AA7600D96B5E /* DDMathParser */ = {
			isa = PBXNativeTarget;
			buildConfigurationList = 1DEB927408733DD40010E9CD /* Build configuration list for PBXNativeTarget "DDMathParser" */;
			buildPhases = (
				8DD76F990486AA7600D96B5E /* Sources */,
				8DD76F9B0486AA7600D96B5E /* Frameworks */,
				8DD76F9E0486AA7600D96B5E /* CopyFiles */,
			);
			buildRules = (
			);
			dependencies = (
			);
			name = DDMathParser;
			productInstallPath = "$(HOME)/bin";
			productName = DDMathParser;
			productReference = 8DD76FA10486AA7600D96B5E /* DDMathParser */;
			productType = "com.apple.product-type.tool";
		};
/* End PBXNativeTarget section */

/* Begin PBXProject section */
		08FB7793FE84155DC02AAC07 /* Project object */ = {
			isa = PBXProject;
			attributes = {
				LastUpgradeCheck = 0460;
			};
			buildConfigurationList = 1DEB927808733DD40010E9CD /* Build configuration list for PBXProject "DDMathParser" */;
			compatibilityVersion = "Xcode 3.2";
			developmentRegion = English;
			hasScannedForEncodings = 1;
			knownRegions = (
				English,
				Japanese,
				French,
				German,
			);
			mainGroup = 08FB7794FE84155DC02AAC07 /* DDMathParser */;
			projectDirPath = "";
			projectRoot = "";
			targets = (
				8DD76F960486AA7600D96B5E /* DDMathParser */,
				55BFA9A5128CDDEB00A80228 /* UnitTests */,
				5537E35912AB20D20000CFED /* Demo */,
			);
		};
/* End PBXProject section */

/* Begin PBXResourcesBuildPhase section */
		5537E35612AB20D20000CFED /* Resources */ = {
			isa = PBXResourcesBuildPhase;
			buildActionMask = 2147483647;
			files = (
				5537E37512AB229C0000CFED /* Demo.xib in Resources */,
			);
			runOnlyForDeploymentPostprocessing = 0;
		};
		55BFA9A1128CDDEB00A80228 /* Resources */ = {
			isa = PBXResourcesBuildPhase;
			buildActionMask = 2147483647;
			files = (
			);
			runOnlyForDeploymentPostprocessing = 0;
		};
/* End PBXResourcesBuildPhase section */

/* Begin PBXSourcesBuildPhase section */
		5537E35712AB20D20000CFED /* Sources */ = {
			isa = PBXSourcesBuildPhase;
			buildActionMask = 2147483647;
			files = (
				118ADCE813F69A69002C3CDA /* _DDParserTerm.m in Sources */,
				118ADCE913F69A69002C3CDA /* _DDGroupTerm.m in Sources */,
				118ADCEA13F69A69002C3CDA /* _DDFunctionTerm.m in Sources */,
				118ADCEB13F69A69002C3CDA /* _DDNumberTerm.m in Sources */,
				118ADCEC13F69A69002C3CDA /* _DDVariableTerm.m in Sources */,
				551AFD0A1878637D0081DFDA /* DDExpressionRewriter.m in Sources */,
				118ADCED13F69A69002C3CDA /* _DDOperatorTerm.m in Sources */,
				5537E36012AB20F30000CFED /* DDParser.m in Sources */,
				5537E36412AB20F30000CFED /* DDMathStringToken.m in Sources */,
				5537E36512AB20F30000CFED /* NSString+DDMathParsing.m in Sources */,
				5537E36712AB20F30000CFED /* DDMathEvaluator.m in Sources */,
				5537E36912AB20F30000CFED /* DDExpression.m in Sources */,
				5537E36A12AB20F30000CFED /* _DDFunctionExpression.m in Sources */,
				5537E36B12AB20F30000CFED /* _DDNumberExpression.m in Sources */,
				5537E36C12AB20F30000CFED /* _DDVariableExpression.m in Sources */,
				5537E36F12AB21140000CFED /* Demo.m in Sources */,
				5537E37312AB214D0000CFED /* DemoController.m in Sources */,
				552532B812C1C92D00A942A7 /* _DDFunctionEvaluator.m in Sources */,
				5514EF171347EBA20010B9D8 /* DDTypes.m in Sources */,
				550C416A13BA8BCA00A041BC /* DDMathStringTokenizer.m in Sources */,
				55F99B301434FA9A00817F7A /* _DDRewriteRule.m in Sources */,
				554243591437654800BA293D /* DDMathOperator.m in Sources */,
				556E126C149D2D4F00859AD8 /* DDParserTypes.m in Sources */,
				55F3918C1633349500AB28B1 /* _DDPrecisionFunctionEvaluator.m in Sources */,
				55F391911634AAB100AB28B1 /* _DDDecimalFunctions.m in Sources */,
			);
			runOnlyForDeploymentPostprocessing = 0;
		};
		55BFA9A2128CDDEB00A80228 /* Sources */ = {
			isa = PBXSourcesBuildPhase;
			buildActionMask = 2147483647;
			files = (
				118ADCE113F69A60002C3CDA /* _DDParserTerm.m in Sources */,
				118ADCE213F69A60002C3CDA /* _DDGroupTerm.m in Sources */,
				118ADCE313F69A60002C3CDA /* _DDFunctionTerm.m in Sources */,
				118ADCE413F69A60002C3CDA /* _DDNumberTerm.m in Sources */,
				118ADCE513F69A60002C3CDA /* _DDVariableTerm.m in Sources */,
				118ADCE613F69A60002C3CDA /* _DDOperatorTerm.m in Sources */,
				55F795E31293175B00EF2716 /* DDMathStringToken.m in Sources */,
				55F7963712934A1400EF2716 /* DDExpression.m in Sources */,
				5554D58B12944AFD00A62529 /* DDMathEvaluator.m in Sources */,
				55D2AD501295834600BA2905 /* EvaluationTests.m in Sources */,
				55F9EFEB1295AF3D00F4A9FD /* _DDFunctionExpression.m in Sources */,
				551AFD091878637D0081DFDA /* DDExpressionRewriter.m in Sources */,
				55F9EFEE1295AF7500F4A9FD /* _DDNumberExpression.m in Sources */,
				55F9EFF11295AFB500F4A9FD /* _DDVariableExpression.m in Sources */,
				55F9F0141295C19900F4A9FD /* NSExpression+EasyParsing.m in Sources */,
				55BA67A01299FA19002279A5 /* NSString+DDMathParsing.m in Sources */,
				55E2FCB7129DC90400CD6023 /* DDParser.m in Sources */,
				552532B912C1C92D00A942A7 /* _DDFunctionEvaluator.m in Sources */,
				5514EF161347EBA10010B9D8 /* DDTypes.m in Sources */,
				550C416913BA8BCA00A041BC /* DDMathStringTokenizer.m in Sources */,
				55F99B2F1434FA9900817F7A /* _DDRewriteRule.m in Sources */,
				554243581437654800BA293D /* DDMathOperator.m in Sources */,
				556E126D149D2D5000859AD8 /* DDParserTypes.m in Sources */,
				558A285714A2EEE9000FBE0C /* UnitTestMacros.m in Sources */,
				55F3918B1633349100AB28B1 /* _DDPrecisionFunctionEvaluator.m in Sources */,
				55F391901634AAB100AB28B1 /* _DDDecimalFunctions.m in Sources */,
			);
			runOnlyForDeploymentPostprocessing = 0;
		};
		8DD76F990486AA7600D96B5E /* Sources */ = {
			isa = PBXSourcesBuildPhase;
			buildActionMask = 2147483647;
			files = (
				8DD76F9A0486AA7600D96B5E /* main.m in Sources */,
				55F795F3129323B200EF2716 /* DDMathStringToken.m in Sources */,
				5554D58C12944AFD00A62529 /* DDMathEvaluator.m in Sources */,
				554DA12B12985DAE00433840 /* DDExpression.m in Sources */,
				554DA12E12985DB500433840 /* _DDFunctionExpression.m in Sources */,
				554DA12F12985DB500433840 /* _DDNumberExpression.m in Sources */,
				554DA13012985DB500433840 /* _DDVariableExpression.m in Sources */,
				55BA67A11299FAEF002279A5 /* NSString+DDMathParsing.m in Sources */,
				55325A1912A8C82C00DE9EB0 /* DDParser.m in Sources */,
				552532B712C1C92D00A942A7 /* _DDFunctionEvaluator.m in Sources */,
				5526E9E11310EF880018B4C9 /* DDTypes.m in Sources */,
				550C416813BA8BCA00A041BC /* DDMathStringTokenizer.m in Sources */,
				557067B813CC0D19004CB1B2 /* _DDParserTerm.m in Sources */,
				556C293713CD4276005203F1 /* _DDGroupTerm.m in Sources */,
				556C293A13CD42A8005203F1 /* _DDFunctionTerm.m in Sources */,
				556C293D13CD42F4005203F1 /* _DDNumberTerm.m in Sources */,
				556C294013CD42FF005203F1 /* _DDVariableTerm.m in Sources */,
				551EA4B813CD657400302C67 /* _DDOperatorTerm.m in Sources */,
				55ABBAAB142ECB1300BDF29A /* _DDRewriteRule.m in Sources */,
				554243571437654800BA293D /* DDMathOperator.m in Sources */,
				551C8C4A144E5CFC00520BDA /* DDParserTypes.m in Sources */,
				551AFD0818785F340081DFDA /* DDExpressionRewriter.m in Sources */,
				55F3918A1632FF8900AB28B1 /* _DDPrecisionFunctionEvaluator.m in Sources */,
				55F3918F1634AAB100AB28B1 /* _DDDecimalFunctions.m in Sources */,
			);
			runOnlyForDeploymentPostprocessing = 0;
		};
/* End PBXSourcesBuildPhase section */

/* Begin XCBuildConfiguration section */
		1DEB927508733DD40010E9CD /* Debug */ = {
			isa = XCBuildConfiguration;
			buildSettings = {
				ALWAYS_SEARCH_USER_PATHS = NO;
				COPY_PHASE_STRIP = NO;
				GCC_DYNAMIC_NO_PIC = NO;
				GCC_MODEL_TUNING = G5;
				GCC_OPTIMIZATION_LEVEL = 0;
				GCC_PRECOMPILE_PREFIX_HEADER = YES;
				GCC_PREFIX_HEADER = DDMathParser_Prefix.pch;
				INSTALL_PATH = /usr/local/bin;
				PRODUCT_NAME = DDMathParser;
			};
			name = Debug;
		};
		1DEB927608733DD40010E9CD /* Release */ = {
			isa = XCBuildConfiguration;
			buildSettings = {
				ALWAYS_SEARCH_USER_PATHS = NO;
				DEBUG_INFORMATION_FORMAT = "dwarf-with-dsym";
				GCC_MODEL_TUNING = G5;
				GCC_PRECOMPILE_PREFIX_HEADER = YES;
				GCC_PREFIX_HEADER = DDMathParser_Prefix.pch;
				INSTALL_PATH = /usr/local/bin;
				PRODUCT_NAME = DDMathParser;
			};
			name = Release;
		};
		1DEB927908733DD40010E9CD /* Debug */ = {
			isa = XCBuildConfiguration;
			buildSettings = {
				CLANG_ENABLE_OBJC_ARC = YES;
				GCC_C_LANGUAGE_STANDARD = gnu99;
				GCC_OPTIMIZATION_LEVEL = 0;
				GCC_VERSION = "";
				GCC_WARN_ABOUT_MISSING_FIELD_INITIALIZERS = YES;
				GCC_WARN_ABOUT_MISSING_PROTOTYPES = YES;
				GCC_WARN_ABOUT_RETURN_TYPE = YES;
				GCC_WARN_CHECK_SWITCH_STATEMENTS = YES;
				GCC_WARN_INITIALIZER_NOT_FULLY_BRACKETED = YES;
				GCC_WARN_MISSING_PARENTHESES = YES;
				GCC_WARN_SIGN_COMPARE = YES;
				GCC_WARN_UNDECLARED_SELECTOR = YES;
				GCC_WARN_UNUSED_VALUE = YES;
				GCC_WARN_UNUSED_VARIABLE = YES;
				ONLY_ACTIVE_ARCH = YES;
				SDKROOT = macosx;
			};
			name = Debug;
		};
		1DEB927A08733DD40010E9CD /* Release */ = {
			isa = XCBuildConfiguration;
			buildSettings = {
				CLANG_ENABLE_OBJC_ARC = YES;
				GCC_C_LANGUAGE_STANDARD = gnu99;
				GCC_VERSION = "";
				GCC_WARN_ABOUT_MISSING_FIELD_INITIALIZERS = YES;
				GCC_WARN_ABOUT_MISSING_PROTOTYPES = YES;
				GCC_WARN_ABOUT_RETURN_TYPE = YES;
				GCC_WARN_CHECK_SWITCH_STATEMENTS = YES;
				GCC_WARN_INITIALIZER_NOT_FULLY_BRACKETED = YES;
				GCC_WARN_MISSING_PARENTHESES = YES;
				GCC_WARN_SIGN_COMPARE = YES;
				GCC_WARN_UNDECLARED_SELECTOR = YES;
				GCC_WARN_UNUSED_VALUE = YES;
				GCC_WARN_UNUSED_VARIABLE = YES;
				SDKROOT = macosx;
			};
			name = Release;
		};
		5537E35D12AB20D30000CFED /* Debug */ = {
			isa = XCBuildConfiguration;
			buildSettings = {
				ALWAYS_SEARCH_USER_PATHS = NO;
				COMBINE_HIDPI_IMAGES = YES;
				COPY_PHASE_STRIP = NO;
				GCC_DYNAMIC_NO_PIC = NO;
				GCC_MODEL_TUNING = G5;
				GCC_OPTIMIZATION_LEVEL = 0;
				GCC_PRECOMPILE_PREFIX_HEADER = YES;
				GCC_PREFIX_HEADER = "$(SYSTEM_LIBRARY_DIR)/Frameworks/AppKit.framework/Headers/AppKit.h";
				INFOPLIST_FILE = "Demo/Demo-Info.plist";
				INSTALL_PATH = "$(HOME)/Applications";
				OTHER_LDFLAGS = (
					"-framework",
					Foundation,
					"-framework",
					AppKit,
				);
				PRODUCT_NAME = Demo;
			};
			name = Debug;
		};
		5537E35E12AB20D30000CFED /* Release */ = {
			isa = XCBuildConfiguration;
			buildSettings = {
				ALWAYS_SEARCH_USER_PATHS = NO;
				COMBINE_HIDPI_IMAGES = YES;
				COPY_PHASE_STRIP = YES;
				DEBUG_INFORMATION_FORMAT = "dwarf-with-dsym";
				GCC_MODEL_TUNING = G5;
				GCC_PRECOMPILE_PREFIX_HEADER = YES;
				GCC_PREFIX_HEADER = "$(SYSTEM_LIBRARY_DIR)/Frameworks/AppKit.framework/Headers/AppKit.h";
				INFOPLIST_FILE = "Demo/Demo-Info.plist";
				INSTALL_PATH = "$(HOME)/Applications";
				OTHER_LDFLAGS = (
					"-framework",
					Foundation,
					"-framework",
					AppKit,
				);
				PRODUCT_NAME = Demo;
				ZERO_LINK = NO;
			};
			name = Release;
		};
		55BFA9A9128CDDEC00A80228 /* Debug */ = {
			isa = XCBuildConfiguration;
			buildSettings = {
				ALWAYS_SEARCH_USER_PATHS = NO;
				COMBINE_HIDPI_IMAGES = YES;
				COPY_PHASE_STRIP = NO;
				FRAMEWORK_SEARCH_PATHS = "$(DEVELOPER_LIBRARY_DIR)/Frameworks";
				GCC_DYNAMIC_NO_PIC = NO;
				GCC_ENABLE_OBJC_EXCEPTIONS = YES;
				GCC_MODEL_TUNING = G5;
				GCC_OPTIMIZATION_LEVEL = 0;
				GCC_PRECOMPILE_PREFIX_HEADER = YES;
				GCC_PREFIX_HEADER = "$(SYSTEM_LIBRARY_DIR)/Frameworks/Cocoa.framework/Headers/Cocoa.h";
				INFOPLIST_FILE = "Unit Tests/UnitTests-Info.plist";
				INSTALL_PATH = "$(USER_LIBRARY_DIR)/Bundles";
				OTHER_LDFLAGS = (
					"-framework",
					Cocoa,
					"-framework",
					SenTestingKit,
				);
				PRODUCT_NAME = UnitTests;
				WRAPPER_EXTENSION = octest;
			};
			name = Debug;
		};
		55BFA9AA128CDDEC00A80228 /* Release */ = {
			isa = XCBuildConfiguration;
			buildSettings = {
				ALWAYS_SEARCH_USER_PATHS = NO;
				COMBINE_HIDPI_IMAGES = YES;
				COPY_PHASE_STRIP = YES;
				DEBUG_INFORMATION_FORMAT = "dwarf-with-dsym";
				FRAMEWORK_SEARCH_PATHS = "$(DEVELOPER_LIBRARY_DIR)/Frameworks";
				GCC_ENABLE_OBJC_EXCEPTIONS = YES;
				GCC_MODEL_TUNING = G5;
				GCC_PRECOMPILE_PREFIX_HEADER = YES;
				GCC_PREFIX_HEADER = "$(SYSTEM_LIBRARY_DIR)/Frameworks/Cocoa.framework/Headers/Cocoa.h";
				INFOPLIST_FILE = "Unit Tests/UnitTests-Info.plist";
				INSTALL_PATH = "$(USER_LIBRARY_DIR)/Bundles";
				OTHER_LDFLAGS = (
					"-framework",
					Cocoa,
					"-framework",
					SenTestingKit,
				);
				PRODUCT_NAME = UnitTests;
				WRAPPER_EXTENSION = octest;
				ZERO_LINK = NO;
			};
			name = Release;
		};
/* End XCBuildConfiguration section */

/* Begin XCConfigurationList section */
		1DEB927408733DD40010E9CD /* Build configuration list for PBXNativeTarget "DDMathParser" */ = {
			isa = XCConfigurationList;
			buildConfigurations = (
				1DEB927508733DD40010E9CD /* Debug */,
				1DEB927608733DD40010E9CD /* Release */,
			);
			defaultConfigurationIsVisible = 0;
			defaultConfigurationName = Release;
		};
		1DEB927808733DD40010E9CD /* Build configuration list for PBXProject "DDMathParser" */ = {
			isa = XCConfigurationList;
			buildConfigurations = (
				1DEB927908733DD40010E9CD /* Debug */,
				1DEB927A08733DD40010E9CD /* Release */,
			);
			defaultConfigurationIsVisible = 0;
			defaultConfigurationName = Release;
		};
		5537E35F12AB20D30000CFED /* Build configuration list for PBXNativeTarget "Demo" */ = {
			isa = XCConfigurationList;
			buildConfigurations = (
				5537E35D12AB20D30000CFED /* Debug */,
				5537E35E12AB20D30000CFED /* Release */,
			);
			defaultConfigurationIsVisible = 0;
			defaultConfigurationName = Release;
		};
		55BFA9AB128CDDEC00A80228 /* Build configuration list for PBXNativeTarget "UnitTests" */ = {
			isa = XCConfigurationList;
			buildConfigurations = (
				55BFA9A9128CDDEC00A80228 /* Debug */,
				55BFA9AA128CDDEC00A80228 /* Release */,
			);
			defaultConfigurationIsVisible = 0;
			defaultConfigurationName = Release;
		};
/* End XCConfigurationList section */
	};
	rootObject = 08FB7793FE84155DC02AAC07 /* Project object */;
}
